
Microsoft Visual Studio Solution File, Format Version 12.00
# Visual Studio Version 17
VisualStudioVersion = 17.10.35122.118
MinimumVisualStudioVersion = 10.0.40219.1
Project("{9A19103F-16F7-4668-BE54-9A1E7A4F7556}") = "socket_dispatcher_pseudo", "socket_dispatcher_pseudo.csproj", "{58423B77-4E21-435E-A238-B0BE3E7870A1}"
EndProject
Project("{9A19103F-16F7-4668-BE54-9A1E7A4F7556}") = "SocketDispatcherPseudo.Tests", "..\SocketDispatcherPseudo.Tests\SocketDispatcherPseudo.Tests.csproj", "{22582769-6923-46F3-9E38-67F51E98BA93}"
EndProject
Project("{888888A0-9F3D-457C-B088-3A5042F75D52}") = "socket_dispatcher_python", "..\socket_dispatcher_python\socket_dispatcher_python.pyproj", "{AC4D94FA-F3A1-4B1E-8331-4CAFA4183B6B}"
EndProject
Project("{9A19103F-16F7-4668-BE54-9A1E7A4F7556}") = "TestCodeGenerator", "..\TestCodeGenerator\TestCodeGenerator.csproj", "{7180B73E-032C-4098-8C12-6479FCB60F17}"
EndProject
Project("{FAE04EC0-301F-11D3-BF4B-00C04F79EFBC}") = "Generator", "..\Generator\Generator.csproj", "{4393741F-A45C-486D-8D72-D5BB98C4D2E9}"
EndProject
Project("{2150E333-8FDC-42A3-9474-1A3956D46DE8}") = "Solution Items", "Solution Items", "{168DAFC2-91A8-47CA-BEC8-C395BB45F1BF}"
	ProjectSection(SolutionItems) = preProject
		..\.gitignore = ..\.gitignore
		Directory.Build.props = Directory.Build.props
		..\LICENSE.txt = ..\LICENSE.txt
		..\README.md = ..\README.md
	EndProjectSection
EndProject
Project("{FAE04EC0-301F-11D3-BF4B-00C04F79EFBC}") = "NeoNix-QtPy-Sdk-Serialization", "..\NeoNix-QtPy-Sdk-Serialization\NeoNix-QtPy-Sdk-Serialization.csproj", "{66F48E48-C81E-4F4F-BAE4-C7D000D32CC5}"
EndProject
Project("{FAE04EC0-301F-11D3-BF4B-00C04F79EFBC}") = "QunatCliKit", "..\QunatCliKit\QunatCliKit.csproj", "{EF4AB179-A705-6A43-F488-E2B5C7CA78E1}"
EndProject
Project("{FAE04EC0-301F-11D3-BF4B-00C04F79EFBC}") = "IndicatorExample", "..\IndicatorExample\IndicatorExample.csproj", "{52DEDD99-102E-FDAF-FD94-AACEE36AE33D}"
EndProject
Global
	GlobalSection(SolutionConfigurationPlatforms) = preSolution
		Debug|Any CPU = Debug|Any CPU
		Release|Any CPU = Release|Any CPU
	EndGlobalSection
	GlobalSection(ProjectConfigurationPlatforms) = postSolution
		{58423B77-4E21-435E-A238-B0BE3E7870A1}.Debug|Any CPU.ActiveCfg = Debug|Any CPU
		{58423B77-4E21-435E-A238-B0BE3E7870A1}.Debug|Any CPU.Build.0 = Debug|Any CPU
		{58423B77-4E21-435E-A238-B0BE3E7870A1}.Release|Any CPU.ActiveCfg = Release|Any CPU
		{58423B77-4E21-435E-A238-B0BE3E7870A1}.Release|Any CPU.Build.0 = Release|Any CPU
		{22582769-6923-46F3-9E38-67F51E98BA93}.Debug|Any CPU.ActiveCfg = Debug|Any CPU
		{22582769-6923-46F3-9E38-67F51E98BA93}.Debug|Any CPU.Build.0 = Debug|Any CPU
		{22582769-6923-46F3-9E38-67F51E98BA93}.Release|Any CPU.ActiveCfg = Release|Any CPU
		{22582769-6923-46F3-9E38-67F51E98BA93}.Release|Any CPU.Build.0 = Release|Any CPU
		{AC4D94FA-F3A1-4B1E-8331-4CAFA4183B6B}.Debug|Any CPU.ActiveCfg = Debug|Any CPU
		{AC4D94FA-F3A1-4B1E-8331-4CAFA4183B6B}.Release|Any CPU.ActiveCfg = Release|Any CPU
		{7180B73E-032C-4098-8C12-6479FCB60F17}.Debug|Any CPU.ActiveCfg = Debug|Any CPU
		{7180B73E-032C-4098-8C12-6479FCB60F17}.Debug|Any CPU.Build.0 = Debug|Any CPU
		{7180B73E-032C-4098-8C12-6479FCB60F17}.Release|Any CPU.ActiveCfg = Release|Any CPU
		{7180B73E-032C-4098-8C12-6479FCB60F17}.Release|Any CPU.Build.0 = Release|Any CPU
		{4393741F-A45C-486D-8D72-D5BB98C4D2E9}.Debug|Any CPU.ActiveCfg = Debug|Any CPU
		{4393741F-A45C-486D-8D72-D5BB98C4D2E9}.Debug|Any CPU.Build.0 = Debug|Any CPU
		{4393741F-A45C-486D-8D72-D5BB98C4D2E9}.Release|Any CPU.ActiveCfg = Release|Any CPU
		{4393741F-A45C-486D-8D72-D5BB98C4D2E9}.Release|Any CPU.Build.0 = Release|Any CPU
		{66F48E48-C81E-4F4F-BAE4-C7D000D32CC5}.Debug|Any CPU.ActiveCfg = Debug|Any CPU
		{66F48E48-C81E-4F4F-BAE4-C7D000D32CC5}.Debug|Any CPU.Build.0 = Debug|Any CPU
		{66F48E48-C81E-4F4F-BAE4-C7D000D32CC5}.Release|Any CPU.ActiveCfg = Release|Any CPU
		{66F48E48-C81E-4F4F-BAE4-C7D000D32CC5}.Release|Any CPU.Build.0 = Release|Any CPU
		{EF4AB179-A705-6A43-F488-E2B5C7CA78E1}.Debug|Any CPU.ActiveCfg = Debug|Any CPU
		{EF4AB179-A705-6A43-F488-E2B5C7CA78E1}.Debug|Any CPU.Build.0 = Debug|Any CPU
		{EF4AB179-A705-6A43-F488-E2B5C7CA78E1}.Release|Any CPU.ActiveCfg = Release|Any CPU
		{EF4AB179-A705-6A43-F488-E2B5C7CA78E1}.Release|Any CPU.Build.0 = Release|Any CPU
		{52DEDD99-102E-FDAF-FD94-AACEE36AE33D}.Debug|Any CPU.ActiveCfg = Debug|Any CPU
		{52DEDD99-102E-FDAF-FD94-AACEE36AE33D}.Debug|Any CPU.Build.0 = Debug|Any CPU
		{52DEDD99-102E-FDAF-FD94-AACEE36AE33D}.Release|Any CPU.ActiveCfg = Release|Any CPU
		{52DEDD99-102E-FDAF-FD94-AACEE36AE33D}.Release|Any CPU.Build.0 = Release|Any CPU
	EndGlobalSection
	GlobalSection(SolutionProperties) = preSolution
		HideSolutionNode = FALSE
	EndGlobalSection
	GlobalSection(ExtensibilityGlobals) = postSolution
		SolutionGuid = {538FC475-BD5C-4271-A99D-474B95FEF980}
	EndGlobalSection
EndGlobal
